// !$*UTF8*$!
{
	archiveVersion = 1;
	classes = {
	};
	objectVersion = 46;
	objects = {

/* Begin PBXBuildFile section */
		399374FA1D6237F4007CE04E /* main.m in Sources */ = {isa = PBXBuildFile; fileRef = 399374F91D6237F4007CE04E /* main.m */; };
		399375021D623834007CE04E /* linkedList.m in Sources */ = {isa = PBXBuildFile; fileRef = 399375011D623834007CE04E /* linkedList.m */; };
		399375051D623858007CE04E /* node.m in Sources */ = {isa = PBXBuildFile; fileRef = 399375041D623858007CE04E /* node.m */; };
/* End PBXBuildFile section */

/* Begin PBXCopyFilesBuildPhase section */
		399374F41D6237F4007CE04E /* CopyFiles */ = {
			isa = PBXCopyFilesBuildPhase;
			buildActionMask = 2147483647;
			dstPath = /usr/share/man/man1/;
			dstSubfolderSpec = 0;
			files = (
			);
			runOnlyForDeploymentPostprocessing = 1;
		};
/* End PBXCopyFilesBuildPhase section */

/* Begin PBXFileReference section */
		399374F61D6237F4007CE04E /* ll1 */ = {isa = PBXFileReference; explicitFileType = "compiled.mach-o.executable"; includeInIndex = 0; path = ll1; sourceTree = BUILT_PRODUCTS_DIR; };
		399374F91D6237F4007CE04E /* main.m */ = {isa = PBXFileReference; lastKnownFileType = sourcecode.c.objc; path = main.m; sourceTree = "<group>"; };
		399375001D623834007CE04E /* linkedList.h */ = {isa = PBXFileReference; fileEncoding = 4; lastKnownFileType = sourcecode.c.h; path = linkedList.h; sourceTree = "<group>"; };
		399375011D623834007CE04E /* linkedList.m */ = {isa = PBXFileReference; fileEncoding = 4; lastKnownFileType = sourcecode.c.objc; path = linkedList.m; sourceTree = "<group>"; };
		399375031D623858007CE04E /* node.h */ = {isa = PBXFileReference; fileEncoding = 4; lastKnownFileType = sourcecode.c.h; path = node.h; sourceTree = "<group>"; };
		399375041D623858007CE04E /* node.m */ = {isa = PBXFileReference; fileEncoding = 4; lastKnownFileType = sourcecode.c.objc; path = node.m; sourceTree = "<group>"; };
/* End PBXFileReference section */

/* Begin PBXFrameworksBuildPhase section */
		399374F31D6237F4007CE04E /* Frameworks */ = {
			isa = PBXFrameworksBuildPhase;
			buildActionMask = 2147483647;
			files = (
			);
			runOnlyForDeploymentPostprocessing = 0;
		};
/* End PBXFrameworksBuildPhase section */

/* Begin PBXGroup section */
		399374ED1D6237F4007CE04E = {
			isa = PBXGroup;
			children = (
				399375001D623834007CE04E /* linkedList.h */,
				399375011D623834007CE04E /* linkedList.m */,
				399375031D623858007CE04E /* node.h */,
				399375041D623858007CE04E /* node.m */,
				399374F81D6237F4007CE04E /* ll1 */,
				399374F71D6237F4007CE04E /* Products */,
			);
			sourceTree = "<group>";
		};
		399374F71D6237F4007CE04E /* Products */ = {
			isa = PBXGroup;
			children = (
				399374F61D6237F4007CE04E /* ll1 */,
			);
			name = Products;
			sourceTree = "<group>";
		};
		399374F81D6237F4007CE04E /* ll1 */ = {
			isa = PBXGroup;
			children = (
				399374F91D6237F4007CE04E /* main.m */,
			);
			path = ll1;
			sourceTree = "<group>";
		};
/* End PBXGroup section */

/* Begin PBXNativeTarget section */
		399374F51D6237F4007CE04E /* ll1 */ = {
			isa = PBXNativeTarget;
			buildConfigurationList = 399374FD1D6237F4007CE04E /* Build configuration list for PBXNativeTarget "ll1" */;
			buildPhases = (
				399374F21D6237F4007CE04E /* Sources */,
				399374F31D6237F4007CE04E /* Frameworks */,
				399374F41D6237F4007CE04E /* CopyFiles */,
			);
			buildRules = (
			);
			dependencies = (
			);
			name = ll1;
			productName = ll1;
			productReference = 399374F61D6237F4007CE04E /* ll1 */;
			productType = "com.apple.product-type.tool";
		};
/* End PBXNativeTarget section */

/* Begin PBXProject section */
		399374EE1D6237F4007CE04E /* Project object */ = {
			isa = PBXProject;
			attributes = {
				LastUpgradeCheck = 0730;
				ORGANIZATIONNAME = "amir sankar";
				TargetAttributes = {
					399374F51D6237F4007CE04E = {
						CreatedOnToolsVersion = 7.3.1;
					};
				};
			};
			buildConfigurationList = 399374F11D6237F4007CE04E /* Build configuration list for PBXProject "ll1" */;
			compatibilityVersion = "Xcode 3.2";
			developmentRegion = English;
			hasScannedForEncodings = 0;
			knownRegions = (
				en,
			);
			mainGroup = 399374ED1D6237F4007CE04E;
			productRefGroup = 399374F71D6237F4007CE04E /* Products */;
			projectDirPath = "";
			projectRoot = "";
			targets = (
				399374F51D6237F4007CE04E /* ll1 */,
			);
		};
/* End PBXProject section */

/* Begin PBXSourcesBuildPhase section */
		399374F21D6237F4007CE04E /* Sources */ = {
			isa = PBXSourcesBuildPhase;
			buildActionMask = 2147483647;
			files = (
				399375021D623834007CE04E /* linkedList.m in Sources */,
				399375051D623858007CE04E /* node.m in Sources */,
				399374FA1D6237F4007CE04E /* main.m in Sources */,
			);
			runOnlyForDeploymentPostprocessing = 0;
		};
/* End PBXSourcesBuildPhase section */

/* Begin XCBuildConfiguration section */
		399374FB1D6237F4007CE04E /* Debug */ = {
			isa = XCBuildConfiguration;
			buildSettings = {
				ALWAYS_SEARCH_USER_PATHS = NO;
				CLANG_ANALYZER_NONNULL = YES;
				CLANG_CXX_LANGUAGE_STANDARD = "gnu++0x";
				CLANG_CXX_LIBRARY = "libc++";
				CLANG_ENABLE_MODULES = YES;
				CLANG_ENABLE_OBJC_ARC = YES;
				CLANG_WARN_BOOL_CONVERSION = YES;
				CLANG_WARN_CONSTANT_CONVERSION = YES;
				CLANG_WARN_DIRECT_OBJC_ISA_USAGE = YES_ERROR;
				CLANG_WARN_EMPTY_BODY = YES;
				CLANG_WARN_ENUM_CONVERSION = YES;
				CLANG_WARN_INT_CONVERSION = YES;
				CLANG_WARN_OBJC_ROOT_CLASS = YES_ERROR;
				CLANG_WARN_UNREACHABLE_CODE = YES;
				CLANG_WARN__DUPLICATE_METHOD_MATCH = YES;
				CODE_SIGN_IDENTITY = "-";
				COPY_PHASE_STRIP = NO;
				DEBUG_INFORMATION_FORMAT = dwarf;
				ENABLE_STRICT_OBJC_MSGSEND = YES;
				ENABLE_TESTABILITY = YES;
				GCC_C_LANGUAGE_STANDARD = gnu99;
				GCC_DYNAMIC_NO_PIC = NO;
				GCC_NO_COMMON_BLOCKS = YES;
				GCC_OPTIMIZATION_LEVEL = 0;
				GCC_PREPROCESSOR_DEFINITIONS = (
					"DEBUG=1",
					"$(inherited)",
				);
				GCC_WARN_64_TO_32_BIT_CONVERSION = YES;
				GCC_WARN_ABOUT_RETURN_TYPE = YES_ERROR;
				GCC_WARN_UNDECLARED_SELECTOR = YES;
				GCC_WARN_UNINITIALIZED_AUTOS = YES_AGGRESSIVE;
				GCC_WARN_UNUSED_FUNCTION = YES;
				GCC_WARN_UNUSED_VARIABLE = YES;
				MACOSX_DEPLOYMENT_TARGET = 10.11;
				MTL_ENABLE_DEBUG_INFO = YES;
				ONLY_ACTIVE_ARCH = YES;
				SDKROOT = macosx;
			};
			name = Debug;
		};
		399374FC1D6237F4007CE04E /* Release */ = {
			isa = XCBuildConfiguration;
			buildSettings = {
				ALWAYS_SEARCH_USER_PATHS = NO;
				CLANG_ANALYZER_NONNULL = YES;
				CLANG_CXX_LANGUAGE_STANDARD = "gnu++0x";
				CLANG_CXX_LIBRARY = "libc++";
				CLANG_ENABLE_MODULES = YES;
				CLANG_ENABLE_OBJC_ARC = YES;
				CLANG_WARN_BOOL_CONVERSION = YES;
				CLANG_WARN_CONSTANT_CONVERSION = YES;
				CLANG_WARN_DIRECT_OBJC_ISA_USAGE = YES_ERROR;
				CLANG_WARN_EMPTY_BODY = YES;
				CLANG_WARN_ENUM_CONVERSION = YES;
				CLANG_WARN_INT_CONVERSION = YES;
				CLANG_WARN_OBJC_ROOT_CLASS = YES_ERROR;
				CLANG_WARN_UNREACHABLE_CODE = YES;
				CLANG_WARN__DUPLICATE_METHOD_MATCH = YES;
				CODE_SIGN_IDENTITY = "-";
				COPY_PHASE_STRIP = NO;
				DEBUG_INFORMATION_FORMAT = "dwarf-with-dsym";
				ENABLE_NS_ASSERTIONS = NO;
				ENABLE_STRICT_OBJC_MSGSEND = YES;
				GCC_C_LANGUAGE_STANDARD = gnu99;
				GCC_NO_COMMON_BLOCKS = YES;
				GCC_WARN_64_TO_32_BIT_CONVERSION = YES;
				GCC_WARN_ABOUT_RETURN_TYPE = YES_ERROR;
				GCC_WARN_UNDECLARED_SELECTOR = YES;
				GCC_WARN_UNINITIALIZED_AUTOS = YES_AGGRESSIVE;
				GCC_WARN_UNUSED_FUNCTION = YES;
				GCC_WARN_UNUSED_VARIABLE = YES;
				MACOSX_DEPLOYMENT_TARGET = 10.11;
				MTL_ENABLE_DEBUG_INFO = NO;
				SDKROOT = macosx;
			};
			name = Release;
		};
		399374FE1D6237F4007CE04E /* Debug */ = {
			isa = XCBuildConfiguration;
			buildSettings = {
				PRODUCT_NAME = "$(TARGET_NAME)";
			};
			name = Debug;
		};
		399374FF1D6237F4007CE04E /* Release */ = {
			isa = XCBuildConfiguration;
			buildSettings = {
				PRODUCT_NAME = "$(TARGET_NAME)";
			};
			name = Release;
		};
/* End XCBuildConfiguration section */

/* Begin XCConfigurationList section */
		399374F11D6237F4007CE04E /* Build configuration list for PBXProject "ll1" */ = {
			isa = XCConfigurationList;
			buildConfigurations = (
				399374FB1D6237F4007CE04E /* Debug */,
				399374FC1D6237F4007CE04E /* Release */,
			);
			defaultConfigurationIsVisible = 0;
			defaultConfigurationName = Release;
		};
		399374FD1D6237F4007CE04E /* Build configuration list for PBXNativeTarget "ll1" */ = {
			isa = XCConfigurationList;
			buildConfigurations = (
				399374FE1D6237F4007CE04E /* Debug */,
				399374FF1D6237F4007CE04E /* Release */,
			);
			defaultConfigurationIsVisible = 0;
		};
/* End XCConfigurationList section */
	};
	rootObject = 399374EE1D6237F4007CE04E /* Project object */;
}
